
Microsoft Visual Studio Solution File, Format Version 12.00
# Visual Studio Version 17
VisualStudioVersion = 17.6.33815.320
MinimumVisualStudioVersion = 10.0.40219.1
Project("{FAE04EC0-301F-11D3-BF4B-00C04F79EFBC}") = "samplesolution", "samplesolution\samplesolution.csproj", "{F9453E9A-45FC-4164-B0DA-BC297EE55A28}"
EndProject
Global
	GlobalSection(SolutionConfigurationPlatforms) = preSolution
		Debug|Any CPU = Debug|Any CPU
		Release|Any CPU = Release|Any CPU
	EndGlobalSection
	GlobalSection(ProjectConfigurationPlatforms) = postSolution
		{F9453E9A-45FC-4164-B0DA-BC297EE55A28}.Debug|Any CPU.ActiveCfg = Debug|Any CPU
		{F9453E9A-45FC-4164-B0DA-BC297EE55A28}.Debug|Any CPU.Build.0 = Debug|Any CPU
		{F9453E9A-45FC-4164-B0DA-BC297EE55A28}.Release|Any CPU.ActiveCfg = Release|Any CPU
		{F9453E9A-45FC-4164-B0DA-BC297EE55A28}.Release|Any CPU.Build.0 = Release|Any CPU
	EndGlobalSection
	GlobalSection(SolutionProperties) = preSolution
		HideSolutionNode = FALSE
	EndGlobalSection
	GlobalSection(ExtensibilityGlobals) = postSolution
		SolutionGuid = {C862C6A8-4A38-4266-8DEF-47D7630BB558}
	EndGlobalSection
EndGlobal
